// !$*UTF8*$!
{
	archiveVersion = 1;
	classes = {
	};
	objectVersion = 77;
	objects = {

/* Begin PBXContainerItemProxy section */
		F2450E412D3642D1008FD76B /* PBXContainerItemProxy */ = {
			isa = PBXContainerItemProxy;
			containerPortal = F2450E222D3642CF008FD76B /* Project object */;
			proxyType = 1;
			remoteGlobalIDString = F2450E292D3642CF008FD76B;
			remoteInfo = MyCleanProject;
		};
		F2450E4B2D3642D1008FD76B /* PBXContainerItemProxy */ = {
			isa = PBXContainerItemProxy;
			containerPortal = F2450E222D3642CF008FD76B /* Project object */;
			proxyType = 1;
			remoteGlobalIDString = F2450E292D3642CF008FD76B;
			remoteInfo = MyCleanProject;
		};
/* End PBXContainerItemProxy section */

/* Begin PBXFileReference section */
		F2450E2A2D3642CF008FD76B /* MyCleanProject.app */ = {isa = PBXFileReference; explicitFileType = wrapper.application; includeInIndex = 0; path = MyCleanProject.app; sourceTree = BUILT_PRODUCTS_DIR; };
		F2450E402D3642D1008FD76B /* MyCleanProjectTests.xctest */ = {isa = PBXFileReference; explicitFileType = wrapper.cfbundle; includeInIndex = 0; path = MyCleanProjectTests.xctest; sourceTree = BUILT_PRODUCTS_DIR; };
		F2450E4A2D3642D1008FD76B /* MyCleanProjectUITests.xctest */ = {isa = PBXFileReference; explicitFileType = wrapper.cfbundle; includeInIndex = 0; path = MyCleanProjectUITests.xctest; sourceTree = BUILT_PRODUCTS_DIR; };
/* End PBXFileReference section */

/* Begin PBXFileSystemSynchronizedBuildFileExceptionSet section */
		F2450E522D3642D1008FD76B /* Exceptions for "MyCleanProject" folder in "MyCleanProject" target */ = {
			isa = PBXFileSystemSynchronizedBuildFileExceptionSet;
			membershipExceptions = (
				Info.plist,
			);
			target = F2450E292D3642CF008FD76B /* MyCleanProject */;
		};
/* End PBXFileSystemSynchronizedBuildFileExceptionSet section */

/* Begin PBXFileSystemSynchronizedRootGroup section */
		F2450E2C2D3642CF008FD76B /* MyCleanProject */ = {
			isa = PBXFileSystemSynchronizedRootGroup;
			exceptions = (
				F2450E522D3642D1008FD76B /* Exceptions for "MyCleanProject" folder in "MyCleanProject" target */,
			);
			path = MyCleanProject;
			sourceTree = "<group>";
		};
		F2450E432D3642D1008FD76B /* MyCleanProjectTests */ = {
			isa = PBXFileSystemSynchronizedRootGroup;
			path = MyCleanProjectTests;
			sourceTree = "<group>";
		};
		F2450E4D2D3642D1008FD76B /* MyCleanProjectUITests */ = {
			isa = PBXFileSystemSynchronizedRootGroup;
			path = MyCleanProjectUITests;
			sourceTree = "<group>";
		};
/* End PBXFileSystemSynchronizedRootGroup section */

/* Begin PBXFrameworksBuildPhase section */
		F2450E272D3642CF008FD76B /* Frameworks */ = {
			isa = PBXFrameworksBuildPhase;
			buildActionMask = 2147483647;
			files = (
			);
			runOnlyForDeploymentPostprocessing = 0;
		};
		F2450E3D2D3642D1008FD76B /* Frameworks */ = {
			isa = PBXFrameworksBuildPhase;
			buildActionMask = 2147483647;
			files = (
			);
			runOnlyForDeploymentPostprocessing = 0;
		};
		F2450E472D3642D1008FD76B /* Frameworks */ = {
			isa = PBXFrameworksBuildPhase;
			buildActionMask = 2147483647;
			files = (
			);
			runOnlyForDeploymentPostprocessing = 0;
		};
/* End PBXFrameworksBuildPhase section */

/* Begin PBXGroup section */
		F2450E212D3642CF008FD76B = {
			isa = PBXGroup;
			children = (
				F2450E2C2D3642CF008FD76B /* MyCleanProject */,
				F2450E432D3642D1008FD76B /* MyCleanProjectTests */,
				F2450E4D2D3642D1008FD76B /* MyCleanProjectUITests */,
				F2450E2B2D3642CF008FD76B /* Products */,
			);
			sourceTree = "<group>";
		};
		F2450E2B2D3642CF008FD76B /* Products */ = {
			isa = PBXGroup;
			children = (
				F2450E2A2D3642CF008FD76B /* MyCleanProject.app */,
				F2450E402D3642D1008FD76B /* MyCleanProjectTests.xctest */,
				F2450E4A2D3642D1008FD76B /* MyCleanProjectUITests.xctest */,
			);
			name = Products;
			sourceTree = "<group>";
		};
/* End PBXGroup section */

/* Begin PBXNativeTarget section */
		F2450E292D3642CF008FD76B /* MyCleanProject */ = {
			isa = PBXNativeTarget;
			buildConfigurationList = F2450E532D3642D1008FD76B /* Build configuration list for PBXNativeTarget "MyCleanProject" */;
			buildPhases = (
				F2450E262D3642CF008FD76B /* Sources */,
				F2450E272D3642CF008FD76B /* Frameworks */,
				F2450E282D3642CF008FD76B /* Resources */,
			);
			buildRules = (
			);
			dependencies = (
			);
			fileSystemSynchronizedGroups = (
				F2450E2C2D3642CF008FD76B /* MyCleanProject */,
			);
			name = MyCleanProject;
			packageProductDependencies = (
			);
			productName = MyCleanProject;
			productReference = F2450E2A2D3642CF008FD76B /* MyCleanProject.app */;
			productType = "com.apple.product-type.application";
		};
		F2450E3F2D3642D1008FD76B /* MyCleanProjectTests */ = {
			isa = PBXNativeTarget;
			buildConfigurationList = F2450E582D3642D1008FD76B /* Build configuration list for PBXNativeTarget "MyCleanProjectTests" */;
			buildPhases = (
				F2450E3C2D3642D1008FD76B /* Sources */,
				F2450E3D2D3642D1008FD76B /* Frameworks */,
				F2450E3E2D3642D1008FD76B /* Resources */,
			);
			buildRules = (
			);
			dependencies = (
				F2450E422D3642D1008FD76B /* PBXTargetDependency */,
			);
			fileSystemSynchronizedGroups = (
				F2450E432D3642D1008FD76B /* MyCleanProjectTests */,
			);
			name = MyCleanProjectTests;
			packageProductDependencies = (
			);
			productName = MyCleanProjectTests;
			productReference = F2450E402D3642D1008FD76B /* MyCleanProjectTests.xctest */;
			productType = "com.apple.product-type.bundle.unit-test";
		};
		F2450E492D3642D1008FD76B /* MyCleanProjectUITests */ = {
			isa = PBXNativeTarget;
			buildConfigurationList = F2450E5B2D3642D1008FD76B /* Build configuration list for PBXNativeTarget "MyCleanProjectUITests" */;
			buildPhases = (
				F2450E462D3642D1008FD76B /* Sources */,
				F2450E472D3642D1008FD76B /* Frameworks */,
				F2450E482D3642D1008FD76B /* Resources */,
			);
			buildRules = (
			);
			dependencies = (
				F2450E4C2D3642D1008FD76B /* PBXTargetDependency */,
			);
			fileSystemSynchronizedGroups = (
				F2450E4D2D3642D1008FD76B /* MyCleanProjectUITests */,
			);
			name = MyCleanProjectUITests;
			packageProductDependencies = (
			);
			productName = MyCleanProjectUITests;
			productReference = F2450E4A2D3642D1008FD76B /* MyCleanProjectUITests.xctest */;
			productType = "com.apple.product-type.bundle.ui-testing";
		};
/* End PBXNativeTarget section */

/* Begin PBXProject section */
		F2450E222D3642CF008FD76B /* Project object */ = {
			isa = PBXProject;
			attributes = {
				BuildIndependentTargetsInParallel = 1;
				LastSwiftUpdateCheck = 1620;
				LastUpgradeCheck = 1620;
				TargetAttributes = {
					F2450E292D3642CF008FD76B = {
						CreatedOnToolsVersion = 16.2;
					};
					F2450E3F2D3642D1008FD76B = {
						CreatedOnToolsVersion = 16.2;
						TestTargetID = F2450E292D3642CF008FD76B;
					};
					F2450E492D3642D1008FD76B = {
						CreatedOnToolsVersion = 16.2;
						TestTargetID = F2450E292D3642CF008FD76B;
					};
				};
			};
			buildConfigurationList = F2450E252D3642CF008FD76B /* Build configuration list for PBXProject "MyCleanProject" */;
			developmentRegion = en;
			hasScannedForEncodings = 0;
			knownRegions = (
				en,
				Base,
			);
			mainGroup = F2450E212D3642CF008FD76B;
			minimizedProjectReferenceProxies = 1;
			preferredProjectObjectVersion = 77;
			productRefGroup = F2450E2B2D3642CF008FD76B /* Products */;
			projectDirPath = "";
			projectRoot = "";
			targets = (
				F2450E292D3642CF008FD76B /* MyCleanProject */,
				F2450E3F2D3642D1008FD76B /* MyCleanProjectTests */,
				F2450E492D3642D1008FD76B /* MyCleanProjectUITests */,
			);
		};
/* End PBXProject section */

/* Begin PBXResourcesBuildPhase section */
		F2450E282D3642CF008FD76B /* Resources */ = {
			isa = PBXResourcesBuildPhase;
			buildActionMask = 2147483647;
			files = (
			);
			runOnlyForDeploymentPostprocessing = 0;
		};
		F2450E3E2D3642D1008FD76B /* Resources */ = {
			isa = PBXResourcesBuildPhase;
			buildActionMask = 2147483647;
			files = (
			);
			runOnlyForDeploymentPostprocessing = 0;
		};
		F2450E482D3642D1008FD76B /* Resources */ = {
			isa = PBXResourcesBuildPhase;
			buildActionMask = 2147483647;
			files = (
			);
			runOnlyForDeploymentPostprocessing = 0;
		};
/* End PBXResourcesBuildPhase section */

/* Begin PBXSourcesBuildPhase section */
		F2450E262D3642CF008FD76B /* Sources */ = {
			isa = PBXSourcesBuildPhase;
			buildActionMask = 2147483647;
			files = (
			);
			runOnlyForDeploymentPostprocessing = 0;
		};
		F2450E3C2D3642D1008FD76B /* Sources */ = {
			isa = PBXSourcesBuildPhase;
			buildActionMask = 2147483647;
			files = (
			);
			runOnlyForDeploymentPostprocessing = 0;
		};
		F2450E462D3642D1008FD76B /* Sources */ = {
			isa = PBXSourcesBuildPhase;
			buildActionMask = 2147483647;
			files = (
			);
			runOnlyForDeploymentPostprocessing = 0;
		};
/* End PBXSourcesBuildPhase section */

/* Begin PBXTargetDependency section */
		F2450E422D3642D1008FD76B /* PBXTargetDependency */ = {
			isa = PBXTargetDependency;
			target = F2450E292D3642CF008FD76B /* MyCleanProject */;
			targetProxy = F2450E412D3642D1008FD76B /* PBXContainerItemProxy */;
		};
		F2450E4C2D3642D1008FD76B /* PBXTargetDependency */ = {
			isa = PBXTargetDependency;
			target = F2450E292D3642CF008FD76B /* MyCleanProject */;
			targetProxy = F2450E4B2D3642D1008FD76B /* PBXContainerItemProxy */;
		};
/* End PBXTargetDependency section */

/* Begin XCBuildConfiguration section */
		F2450E542D3642D1008FD76B /* Debug */ = {
			isa = XCBuildConfiguration;
			buildSettings = {
				ASSETCATALOG_COMPILER_APPICON_NAME = AppIcon;
				ASSETCATALOG_COMPILER_GLOBAL_ACCENT_COLOR_NAME = AccentColor;
				CODE_SIGN_STYLE = Automatic;
				CURRENT_PROJECT_VERSION = 1;
				DEVELOPMENT_TEAM = FMHAT7KHA7;
				GENERATE_INFOPLIST_FILE = YES;
				INFOPLIST_FILE = MyCleanProject/Info.plist;
				INFOPLIST_KEY_UIApplicationSupportsIndirectInputEvents = YES;
				INFOPLIST_KEY_UILaunchStoryboardName = LaunchScreen;
				INFOPLIST_KEY_UIMainStoryboardFile = Main;
				INFOPLIST_KEY_UISupportedInterfaceOrientations_iPad = "UIInterfaceOrientationPortrait UIInterfaceOrientationPortraitUpsideDown UIInterfaceOrientationLandscapeLeft UIInterfaceOrientationLandscapeRight";
				INFOPLIST_KEY_UISupportedInterfaceOrientations_iPhone = "UIInterfaceOrientationPortrait UIInterfaceOrientationLandscapeLeft UIInterfaceOrientationLandscapeRight";
				LD_RUNPATH_SEARCH_PATHS = (
					"$(inherited)",
					"@executable_path/Frameworks",
				);
				MARKETING_VERSION = 1.0;
				PRODUCT_BUNDLE_IDENTIFIER = com.gyunorld.MyCleanProject;
				PRODUCT_NAME = "$(TARGET_NAME)";
				SWIFT_EMIT_LOC_STRINGS = YES;
				SWIFT_VERSION = 5.0;
				TARGETED_DEVICE_FAMILY = "1,2";
			};
			name = Debug;
		};
		F2450E552D3642D1008FD76B /* Release */ = {
			isa = XCBuildConfiguration;
			buildSettings = {
				ASSETCATALOG_COMPILER_APPICON_NAME = AppIcon;
				ASSETCATALOG_COMPILER_GLOBAL_ACCENT_COLOR_NAME = AccentColor;
				CODE_SIGN_STYLE = Automatic;
				CURRENT_PROJECT_VERSION = 1;
				DEVELOPMENT_TEAM = FMHAT7KHA7;
				GENERATE_INFOPLIST_FILE = YES;
				INFOPLIST_FILE = MyCleanProject/Info.plist;
				INFOPLIST_KEY_UIApplicationSupportsIndirectInputEvents = YES;
				INFOPLIST_KEY_UILaunchStoryboardName = LaunchScreen;
				INFOPLIST_KEY_UIMainStoryboardFile = Main;
				INFOPLIST_KEY_UISupportedInterfaceOrientations_iPad = "UIInterfaceOrientationPortrait UIInterfaceOrientationPortraitUpsideDown UIInterfaceOrientationLandscapeLeft UIInterfaceOrientationLandscapeRight";
				INFOPLIST_KEY_UISupportedInterfaceOrientations_iPhone = "UIInterfaceOrientationPortrait UIInterfaceOrientationLandscapeLeft UIInterfaceOrientationLandscapeRight";
				LD_RUNPATH_SEARCH_PATHS = (
					"$(inherited)",
					"@executable_path/Frameworks",
				);
				MARKETING_VERSION = 1.0;
				PRODUCT_BUNDLE_IDENTIFIER = com.gyunorld.MyCleanProject;
				PRODUCT_NAME = "$(TARGET_NAME)";
				SWIFT_EMIT_LOC_STRINGS = YES;
				SWIFT_VERSION = 5.0;
				TARGETED_DEVICE_FAMILY = "1,2";
			};
			name = Release;
		};
		F2450E562D3642D1008FD76B /* Debug */ = {
			isa = XCBuildConfiguration;
			buildSettings = {
				ALWAYS_SEARCH_USER_PATHS = NO;
				ASSETCATALOG_COMPILER_GENERATE_SWIFT_ASSET_SYMBOL_EXTENSIONS = YES;
				CLANG_ANALYZER_NONNULL = YES;
				CLANG_ANALYZER_NUMBER_OBJECT_CONVERSION = YES_AGGRESSIVE;
				CLANG_CXX_LANGUAGE_STANDARD = "gnu++20";
				CLANG_ENABLE_MODULES = YES;
				CLANG_ENABLE_OBJC_ARC = YES;
				CLANG_ENABLE_OBJC_WEAK = YES;
				CLANG_WARN_BLOCK_CAPTURE_AUTORELEASING = YES;
				CLANG_WARN_BOOL_CONVERSION = YES;
				CLANG_WARN_COMMA = YES;
				CLANG_WARN_CONSTANT_CONVERSION = YES;
				CLANG_WARN_DEPRECATED_OBJC_IMPLEMENTATIONS = YES;
				CLANG_WARN_DIRECT_OBJC_ISA_USAGE = YES_ERROR;
				CLANG_WARN_DOCUMENTATION_COMMENTS = YES;
				CLANG_WARN_EMPTY_BODY = YES;
				CLANG_WARN_ENUM_CONVERSION = YES;
				CLANG_WARN_INFINITE_RECURSION = YES;
				CLANG_WARN_INT_CONVERSION = YES;
				CLANG_WARN_NON_LITERAL_NULL_CONVERSION = YES;
				CLANG_WARN_OBJC_IMPLICIT_RETAIN_SELF = YES;
				CLANG_WARN_OBJC_LITERAL_CONVERSION = YES;
				CLANG_WARN_OBJC_ROOT_CLASS = YES_ERROR;
				CLANG_WARN_QUOTED_INCLUDE_IN_FRAMEWORK_HEADER = YES;
				CLANG_WARN_RANGE_LOOP_ANALYSIS = YES;
				CLANG_WARN_STRICT_PROTOTYPES = YES;
				CLANG_WARN_SUSPICIOUS_MOVE = YES;
				CLANG_WARN_UNGUARDED_AVAILABILITY = YES_AGGRESSIVE;
				CLANG_WARN_UNREACHABLE_CODE = YES;
				CLANG_WARN__DUPLICATE_METHOD_MATCH = YES;
				COPY_PHASE_STRIP = NO;
				DEBUG_INFORMATION_FORMAT = dwarf;
				ENABLE_STRICT_OBJC_MSGSEND = YES;
				ENABLE_TESTABILITY = YES;
				ENABLE_USER_SCRIPT_SANDBOXING = YES;
				GCC_C_LANGUAGE_STANDARD = gnu17;
				GCC_DYNAMIC_NO_PIC = NO;
				GCC_NO_COMMON_BLOCKS = YES;
				GCC_OPTIMIZATION_LEVEL = 0;
				GCC_PREPROCESSOR_DEFINITIONS = (
					"DEBUG=1",
					"$(inherited)",
				);
				GCC_WARN_64_TO_32_BIT_CONVERSION = YES;
				GCC_WARN_ABOUT_RETURN_TYPE = YES_ERROR;
				GCC_WARN_UNDECLARED_SELECTOR = YES;
				GCC_WARN_UNINITIALIZED_AUTOS = YES_AGGRESSIVE;
				GCC_WARN_UNUSED_FUNCTION = YES;
				GCC_WARN_UNUSED_VARIABLE = YES;
				IPHONEOS_DEPLOYMENT_TARGET = 18.2;
				LOCALIZATION_PREFERS_STRING_CATALOGS = YES;
				MTL_ENABLE_DEBUG_INFO = INCLUDE_SOURCE;
				MTL_FAST_MATH = YES;
				ONLY_ACTIVE_ARCH = YES;
				SDKROOT = iphoneos;
				SWIFT_ACTIVE_COMPILATION_CONDITIONS = "DEBUG $(inherited)";
				SWIFT_OPTIMIZATION_LEVEL = "-Onone";
			};
			name = Debug;
		};
		F2450E572D3642D1008FD76B /* Release */ = {
			isa = XCBuildConfiguration;
			buildSettings = {
				ALWAYS_SEARCH_USER_PATHS = NO;
				ASSETCATALOG_COMPILER_GENERATE_SWIFT_ASSET_SYMBOL_EXTENSIONS = YES;
				CLANG_ANALYZER_NONNULL = YES;
				CLANG_ANALYZER_NUMBER_OBJECT_CONVERSION = YES_AGGRESSIVE;
				CLANG_CXX_LANGUAGE_STANDARD = "gnu++20";
				CLANG_ENABLE_MODULES = YES;
				CLANG_ENABLE_OBJC_ARC = YES;
				CLANG_ENABLE_OBJC_WEAK = YES;
				CLANG_WARN_BLOCK_CAPTURE_AUTORELEASING = YES;
				CLANG_WARN_BOOL_CONVERSION = YES;
				CLANG_WARN_COMMA = YES;
				CLANG_WARN_CONSTANT_CONVERSION = YES;
				CLANG_WARN_DEPRECATED_OBJC_IMPLEMENTATIONS = YES;
				CLANG_WARN_DIRECT_OBJC_ISA_USAGE = YES_ERROR;
				CLANG_WARN_DOCUMENTATION_COMMENTS = YES;
				CLANG_WARN_EMPTY_BODY = YES;
				CLANG_WARN_ENUM_CONVERSION = YES;
				CLANG_WARN_INFINITE_RECURSION = YES;
				CLANG_WARN_INT_CONVERSION = YES;
				CLANG_WARN_NON_LITERAL_NULL_CONVERSION = YES;
				CLANG_WARN_OBJC_IMPLICIT_RETAIN_SELF = YES;
				CLANG_WARN_OBJC_LITERAL_CONVERSION = YES;
				CLANG_WARN_OBJC_ROOT_CLASS = YES_ERROR;
				CLANG_WARN_QUOTED_INCLUDE_IN_FRAMEWORK_HEADER = YES;
				CLANG_WARN_RANGE_LOOP_ANALYSIS = YES;
				CLANG_WARN_STRICT_PROTOTYPES = YES;
				CLANG_WARN_SUSPICIOUS_MOVE = YES;
				CLANG_WARN_UNGUARDED_AVAILABILITY = YES_AGGRESSIVE;
				CLANG_WARN_UNREACHABLE_CODE = YES;
				CLANG_WARN__DUPLICATE_METHOD_MATCH = YES;
				COPY_PHASE_STRIP = NO;
				DEBUG_INFORMATION_FORMAT = "dwarf-with-dsym";
				ENABLE_NS_ASSERTIONS = NO;
				ENABLE_STRICT_OBJC_MSGSEND = YES;
				ENABLE_USER_SCRIPT_SANDBOXING = YES;
				GCC_C_LANGUAGE_STANDARD = gnu17;
				GCC_NO_COMMON_BLOCKS = YES;
				GCC_WARN_64_TO_32_BIT_CONVERSION = YES;
				GCC_WARN_ABOUT_RETURN_TYPE = YES_ERROR;
				GCC_WARN_UNDECLARED_SELECTOR = YES;
				GCC_WARN_UNINITIALIZED_AUTOS = YES_AGGRESSIVE;
				GCC_WARN_UNUSED_FUNCTION = YES;
				GCC_WARN_UNUSED_VARIABLE = YES;
				IPHONEOS_DEPLOYMENT_TARGET = 18.2;
				LOCALIZATION_PREFERS_STRING_CATALOGS = YES;
				MTL_ENABLE_DEBUG_INFO = NO;
				MTL_FAST_MATH = YES;
				SDKROOT = iphoneos;
				SWIFT_COMPILATION_MODE = wholemodule;
				VALIDATE_PRODUCT = YES;
			};
			name = Release;
		};
		F2450E592D3642D1008FD76B /* Debug */ = {
			isa = XCBuildConfiguration;
			buildSettings = {
				BUNDLE_LOADER = "$(TEST_HOST)";
				CODE_SIGN_STYLE = Automatic;
				CURRENT_PROJECT_VERSION = 1;
				DEVELOPMENT_TEAM = FMHAT7KHA7;
				GENERATE_INFOPLIST_FILE = YES;
				IPHONEOS_DEPLOYMENT_TARGET = 18.2;
				MARKETING_VERSION = 1.0;
				PRODUCT_BUNDLE_IDENTIFIER = com.gyunorld.MyCleanProjectTests;
				PRODUCT_NAME = "$(TARGET_NAME)";
				SWIFT_EMIT_LOC_STRINGS = NO;
				SWIFT_VERSION = 5.0;
				TARGETED_DEVICE_FAMILY = "1,2";
				TEST_HOST = "$(BUILT_PRODUCTS_DIR)/MyCleanProject.app/$(BUNDLE_EXECUTABLE_FOLDER_PATH)/MyCleanProject";
			};
			name = Debug;
		};
		F2450E5A2D3642D1008FD76B /* Release */ = {
			isa = XCBuildConfiguration;
			buildSettings = {
				BUNDLE_LOADER = "$(TEST_HOST)";
				CODE_SIGN_STYLE = Automatic;
				CURRENT_PROJECT_VERSION = 1;
				DEVELOPMENT_TEAM = FMHAT7KHA7;
				GENERATE_INFOPLIST_FILE = YES;
				IPHONEOS_DEPLOYMENT_TARGET = 18.2;
				MARKETING_VERSION = 1.0;
				PRODUCT_BUNDLE_IDENTIFIER = com.gyunorld.MyCleanProjectTests;
				PRODUCT_NAME = "$(TARGET_NAME)";
				SWIFT_EMIT_LOC_STRINGS = NO;
				SWIFT_VERSION = 5.0;
				TARGETED_DEVICE_FAMILY = "1,2";
				TEST_HOST = "$(BUILT_PRODUCTS_DIR)/MyCleanProject.app/$(BUNDLE_EXECUTABLE_FOLDER_PATH)/MyCleanProject";
			};
			name = Release;
		};
		F2450E5C2D3642D1008FD76B /* Debug */ = {
			isa = XCBuildConfiguration;
			buildSettings = {
				CODE_SIGN_STYLE = Automatic;
				CURRENT_PROJECT_VERSION = 1;
				DEVELOPMENT_TEAM = FMHAT7KHA7;
				GENERATE_INFOPLIST_FILE = YES;
				MARKETING_VERSION = 1.0;
				PRODUCT_BUNDLE_IDENTIFIER = com.gyunorld.MyCleanProjectUITests;
				PRODUCT_NAME = "$(TARGET_NAME)";
				SWIFT_EMIT_LOC_STRINGS = NO;
				SWIFT_VERSION = 5.0;
				TARGETED_DEVICE_FAMILY = "1,2";
				TEST_TARGET_NAME = MyCleanProject;
			};
			name = Debug;
		};
		F2450E5D2D3642D1008FD76B /* Release */ = {
			isa = XCBuildConfiguration;
			buildSettings = {
				CODE_SIGN_STYLE = Automatic;
				CURRENT_PROJECT_VERSION = 1;
				DEVELOPMENT_TEAM = FMHAT7KHA7;
				GENERATE_INFOPLIST_FILE = YES;
				MARKETING_VERSION = 1.0;
				PRODUCT_BUNDLE_IDENTIFIER = com.gyunorld.MyCleanProjectUITests;
				PRODUCT_NAME = "$(TARGET_NAME)";
				SWIFT_EMIT_LOC_STRINGS = NO;
				SWIFT_VERSION = 5.0;
				TARGETED_DEVICE_FAMILY = "1,2";
				TEST_TARGET_NAME = MyCleanProject;
			};
			name = Release;
		};
/* End XCBuildConfiguration section */

/* Begin XCConfigurationList section */
		F2450E252D3642CF008FD76B /* Build configuration list for PBXProject "MyCleanProject" */ = {
			isa = XCConfigurationList;
			buildConfigurations = (
				F2450E562D3642D1008FD76B /* Debug */,
				F2450E572D3642D1008FD76B /* Release */,
			);
			defaultConfigurationIsVisible = 0;
			defaultConfigurationName = Release;
		};
		F2450E532D3642D1008FD76B /* Build configuration list for PBXNativeTarget "MyCleanProject" */ = {
			isa = XCConfigurationList;
			buildConfigurations = (
				F2450E542D3642D1008FD76B /* Debug */,
				F2450E552D3642D1008FD76B /* Release */,
			);
			defaultConfigurationIsVisible = 0;
			defaultConfigurationName = Release;
		};
		F2450E582D3642D1008FD76B /* Build configuration list for PBXNativeTarget "MyCleanProjectTests" */ = {
			isa = XCConfigurationList;
			buildConfigurations = (
				F2450E592D3642D1008FD76B /* Debug */,
				F2450E5A2D3642D1008FD76B /* Release */,
			);
			defaultConfigurationIsVisible = 0;
			defaultConfigurationName = Release;
		};
		F2450E5B2D3642D1008FD76B /* Build configuration list for PBXNativeTarget "MyCleanProjectUITests" */ = {
			isa = XCConfigurationList;
			buildConfigurations = (
				F2450E5C2D3642D1008FD76B /* Debug */,
				F2450E5D2D3642D1008FD76B /* Release */,
			);
			defaultConfigurationIsVisible = 0;
			defaultConfigurationName = Release;
		};
/* End XCConfigurationList section */
	};
	rootObject = F2450E222D3642CF008FD76B /* Project object */;
}
